// !$*UTF8*$!
{
	archiveVersion = 1;
	classes = {
	};
	objectVersion = 50;
	objects = {

/* Begin PBXBuildFile section */
		7E142B672655686D006AD6F3 /* ResourcePath.mm in Sources */ = {isa = PBXBuildFile; fileRef = 7E142B662655686D006AD6F3 /* ResourcePath.mm */; };
		7E142B6A2655686D006AD6F3 /* main.cpp in Sources */ = {isa = PBXBuildFile; fileRef = 7E142B692655686D006AD6F3 /* main.cpp */; };
		7E345D0F26558CB200E4CBFA /* cellentity.cpp in Sources */ = {isa = PBXBuildFile; fileRef = 7E345D0D26558CB200E4CBFA /* cellentity.cpp */; };
		7E345D1226558D5D00E4CBFA /* cellcontroller.cpp in Sources */ = {isa = PBXBuildFile; fileRef = 7E345D1026558D5D00E4CBFA /* cellcontroller.cpp */; };
/* End PBXBuildFile section */

/* Begin PBXFileReference section */
		7E142B612655686D006AD6F3 /* Lista4-SFML.app */ = {isa = PBXFileReference; explicitFileType = wrapper.application; includeInIndex = 0; path = "Lista4-SFML.app"; sourceTree = BUILT_PRODUCTS_DIR; };
		7E142B652655686D006AD6F3 /* Lista4-SFML-Info.plist */ = {isa = PBXFileReference; lastKnownFileType = text.plist.xml; name = "Lista4-SFML-Info.plist"; path = "../Lista4-SFML-Info.plist"; sourceTree = "<group>"; };
		7E142B662655686D006AD6F3 /* ResourcePath.mm */ = {isa = PBXFileReference; lastKnownFileType = sourcecode.cpp.objcpp; path = ResourcePath.mm; sourceTree = "<group>"; };
		7E142B682655686D006AD6F3 /* ResourcePath.hpp */ = {isa = PBXFileReference; lastKnownFileType = sourcecode.cpp.h; path = ResourcePath.hpp; sourceTree = "<group>"; };
		7E142B692655686D006AD6F3 /* main.cpp */ = {isa = PBXFileReference; lastKnownFileType = sourcecode.cpp.cpp; path = main.cpp; sourceTree = "<group>"; };
		7E142B7926556AB9006AD6F3 /* Lista4-SFML.entitlements */ = {isa = PBXFileReference; lastKnownFileType = text.plist.entitlements; path = "Lista4-SFML.entitlements"; sourceTree = "<group>"; };
		7E345D0D26558CB200E4CBFA /* cellentity.cpp */ = {isa = PBXFileReference; lastKnownFileType = sourcecode.cpp.cpp; path = cellentity.cpp; sourceTree = "<group>"; };
		7E345D0E26558CB200E4CBFA /* cellentity.hpp */ = {isa = PBXFileReference; lastKnownFileType = sourcecode.cpp.h; path = cellentity.hpp; sourceTree = "<group>"; };
		7E345D1026558D5D00E4CBFA /* cellcontroller.cpp */ = {isa = PBXFileReference; lastKnownFileType = sourcecode.cpp.cpp; path = cellcontroller.cpp; sourceTree = "<group>"; };
		7E345D1126558D5D00E4CBFA /* cellcontroller.hpp */ = {isa = PBXFileReference; lastKnownFileType = sourcecode.cpp.h; path = cellcontroller.hpp; sourceTree = "<group>"; };
/* End PBXFileReference section */

/* Begin PBXFrameworksBuildPhase section */
		7E142B5D2655686D006AD6F3 /* Frameworks */ = {
			isa = PBXFrameworksBuildPhase;
			buildActionMask = 2147483647;
			files = (
			);
			runOnlyForDeploymentPostprocessing = 0;
		};
/* End PBXFrameworksBuildPhase section */

/* Begin PBXGroup section */
		7E142B572655686D006AD6F3 = {
			isa = PBXGroup;
			children = (
				7E142B632655686D006AD6F3 /* Lista4-SFML */,
				7E142B622655686D006AD6F3 /* Products */,
			);
			sourceTree = "<group>";
		};
		7E142B622655686D006AD6F3 /* Products */ = {
			isa = PBXGroup;
			children = (
				7E142B612655686D006AD6F3 /* Lista4-SFML.app */,
			);
			name = Products;
			sourceTree = "<group>";
		};
		7E142B632655686D006AD6F3 /* Lista4-SFML */ = {
			isa = PBXGroup;
			children = (
				7E345D0D26558CB200E4CBFA /* cellentity.cpp */,
				7E345D1026558D5D00E4CBFA /* cellcontroller.cpp */,
				7E345D1126558D5D00E4CBFA /* cellcontroller.hpp */,
				7E345D0E26558CB200E4CBFA /* cellentity.hpp */,
				7E142B7926556AB9006AD6F3 /* Lista4-SFML.entitlements */,
				7E142B662655686D006AD6F3 /* ResourcePath.mm */,
				7E142B682655686D006AD6F3 /* ResourcePath.hpp */,
				7E142B692655686D006AD6F3 /* main.cpp */,
				7E142B642655686D006AD6F3 /* Supporting Files */,
			);
			path = "Lista4-SFML";
			sourceTree = "<group>";
		};
		7E142B642655686D006AD6F3 /* Supporting Files */ = {
			isa = PBXGroup;
			children = (
				7E142B652655686D006AD6F3 /* Lista4-SFML-Info.plist */,
			);
			path = "Supporting Files";
			sourceTree = "<group>";
		};
/* End PBXGroup section */

/* Begin PBXNativeTarget section */
		7E142B602655686D006AD6F3 /* Lista4-SFML */ = {
			isa = PBXNativeTarget;
			buildConfigurationList = 7E142B762655686D006AD6F3 /* Build configuration list for PBXNativeTarget "Lista4-SFML" */;
			buildPhases = (
				7E142B5C2655686D006AD6F3 /* Sources */,
				7E142B5D2655686D006AD6F3 /* Frameworks */,
				7E142B5E2655686D006AD6F3 /* Resources */,
				7E142B5F2655686D006AD6F3 /* ShellScript */,
			);
			buildRules = (
			);
			dependencies = (
			);
			name = "Lista4-SFML";
			productName = "Lista4-SFML";
			productReference = 7E142B612655686D006AD6F3 /* Lista4-SFML.app */;
			productType = "com.apple.product-type.application";
		};
/* End PBXNativeTarget section */

/* Begin PBXProject section */
		7E142B582655686D006AD6F3 /* Project object */ = {
			isa = PBXProject;
			attributes = {
				LastUpgradeCheck = 1250;
				ORGANIZATIONNAME = "Dominik Marcinkowski";
				TargetAttributes = {
					7E142B602655686D006AD6F3 = {
						CreatedOnToolsVersion = 12.5;
					};
				};
			};
			buildConfigurationList = 7E142B5B2655686D006AD6F3 /* Build configuration list for PBXProject "Lista4-SFML" */;
			compatibilityVersion = "Xcode 9.3";
			developmentRegion = en;
			hasScannedForEncodings = 0;
			knownRegions = (
				en,
				Base,
			);
			mainGroup = 7E142B572655686D006AD6F3;
			productRefGroup = 7E142B622655686D006AD6F3 /* Products */;
			projectDirPath = "";
			projectRoot = "";
			targets = (
				7E142B602655686D006AD6F3 /* Lista4-SFML */,
			);
		};
/* End PBXProject section */

/* Begin PBXResourcesBuildPhase section */
		7E142B5E2655686D006AD6F3 /* Resources */ = {
			isa = PBXResourcesBuildPhase;
			buildActionMask = 2147483647;
			files = (
			);
			runOnlyForDeploymentPostprocessing = 0;
		};
/* End PBXResourcesBuildPhase section */

/* Begin PBXShellScriptBuildPhase section */
		7E142B5F2655686D006AD6F3 /* ShellScript */ = {
			isa = PBXShellScriptBuildPhase;
			buildActionMask = 8;
			files = (
			);
			inputFileListPaths = (
			);
			inputPaths = (
			);
			outputFileListPaths = (
			);
			outputPaths = (
			);
			runOnlyForDeploymentPostprocessing = 1;
			shellPath = /bin/sh;
			shellScript = "# This shell script simply copies required SFML dylibs/frameworks into the application bundle frameworks folder.\n# If you're using static libraries (which is not recommended) you should remove this script from your project.\n\n# SETTINGS\nSFML_DEPENDENCIES_INSTALL_PREFIX=\"/Users/SFML/Desktop/packaging/tmp/install/Library/Frameworks\"\nCMAKE_INSTALL_FRAMEWORK_PREFIX=\"/Users/SFML/Desktop/packaging/tmp/install/Library/Frameworks\"\nCMAKE_INSTALL_LIB_PREFIX=\"/Users/SFML/Desktop/packaging/tmp/install/Library/Frameworks/lib\"\nFRAMEWORKS_FULL_PATH=\"$BUILT_PRODUCTS_DIR/$FRAMEWORKS_FOLDER_PATH/\"\n\n# Are we building a project that uses frameworks or dylibs?\ncase \"$SFML_BINARY_TYPE\" in\n    DYLIBS)\n        frameworks=\"false\"\n        ;;\n    *)\n        frameworks=\"true\"\n        ;;\nesac\n\n# Echoes to stderr\nerror () # $* message to display\n{\n    echo $* 1>&2\n    exit 2\n}\n\nassert () # $1 is a boolean, $2...N is an error message\n{\n    if [ $# -lt 2 ]\n    then\n        error \"Internal error in assert: not enough args\"\n    fi\n\n    if [ $1 -ne 0 ]\n    then\n        shift\n        error \"$*\"\n    fi\n}\n\nforce_remove () # $@ is some paths\n{\n    test $# -ge 1\n    assert $? \"force_remove() requires at least one parameter\"\n    rm -fr $@\n    assert $? \"couldn't remove $@\"\n}\n\ncopy () # $1 is a source, $2 is a destination\n{\n    test $# -eq 2\n    assert $? \"copy() requires two parameters\"\n    ditto \"$1\" \"$2\"\n    assert $? \"couldn't copy $1 to $2\"\n}\n\nrequire () # $1 is a SFML module like 'system' or 'audio'\n{\n    dest=\"$BUILT_PRODUCTS_DIR/$FRAMEWORKS_FOLDER_PATH/\"\n\n    if [ -z \"$1\" ]\n    then\n        error \"require() requires one parameter!\"\n    else\n        # clean potentially old stuff\n        force_remove \"$dest/libsfml-$1\"*\n        force_remove \"$dest/sfml-$1.framework\"\n\n        # copy SFML libraries\n        if [ \"$frameworks\" = \"true\" ]\n        then\n            source=\"$CMAKE_INSTALL_FRAMEWORK_PREFIX/sfml-$1.framework\"\n            target=\"sfml-$1.framework\"\n        elif [ \"$SFML_LINK_DYLIBS_SUFFIX\" = \"-d\" ]\n        then\n            source=\"$CMAKE_INSTALL_LIB_PREFIX/libsfml-$1-d.dylib\"\n            target=\"`readlink $source`\"\n        else\n            source=\"$CMAKE_INSTALL_LIB_PREFIX/libsfml-$1.dylib\"\n            target=\"`readlink $source`\"\n        fi\n\n        copy \"$source\" \"$dest/$target\"\n\n        # copy extra dependencies\n        if [ \"$1\" = \"audio\" ]\n        then\n            # copy \"FLAC\" \"ogg\" \"vorbis\" \"vorbisenc\" \"vorbisfile\" \"OpenAL\" frameworks too\n            for f in \"FLAC\" \"ogg\" \"vorbis\" \"vorbisenc\" \"vorbisfile\" \"OpenAL\"\n            do\n                copy \"$SFML_DEPENDENCIES_INSTALL_PREFIX/$f.framework\" \"$dest/$f.framework\"\n            done\n        elif [ \"$1\" = \"graphics\" ]\n        then\n            copy \"$SFML_DEPENDENCIES_INSTALL_PREFIX/freetype.framework\" \"$dest/freetype.framework\"\n        fi\n    fi\n}\n\nif [ -n \"$SFML_SYSTEM\" ]\nthen\n    require \"system\"\nfi\n\nif [ -n \"$SFML_AUDIO\" ]\nthen\n    require \"audio\"\nfi\n\nif [ -n \"$SFML_NETWORK\" ]\nthen\n    require \"network\"\nfi\n\nif [ -n \"$SFML_WINDOW\" ]\nthen\n    require \"window\"\nfi\n\nif [ -n \"$SFML_GRAPHICS\" ]\nthen\n    require \"graphics\"\nfi\n\n                \n";
		};
/* End PBXShellScriptBuildPhase section */

/* Begin PBXSourcesBuildPhase section */
		7E142B5C2655686D006AD6F3 /* Sources */ = {
			isa = PBXSourcesBuildPhase;
			buildActionMask = 2147483647;
			files = (
				7E142B6A2655686D006AD6F3 /* main.cpp in Sources */,
				7E345D0F26558CB200E4CBFA /* cellentity.cpp in Sources */,
				7E142B672655686D006AD6F3 /* ResourcePath.mm in Sources */,
				7E345D1226558D5D00E4CBFA /* cellcontroller.cpp in Sources */,
			);
			runOnlyForDeploymentPostprocessing = 0;
		};
/* End PBXSourcesBuildPhase section */

/* Begin XCBuildConfiguration section */
		7E142B742655686D006AD6F3 /* Debug */ = {
			isa = XCBuildConfiguration;
			buildSettings = {
				ARCHS = "$(NATIVE_ARCH_ACTUAL)";
				CLANG_CXX_LANGUAGE_STANDARD = "c++11";
				CLANG_CXX_LIBRARY = "libc++";
				FRAMEWORK_SEARCH_PATHS = (
					/Library/Frameworks/,
					"$(inherited)",
				);
				GCC_VERSION = com.apple.compilers.llvm.clang.1_0;
				HEADER_SEARCH_PATHS = (
					/usr/local/include/,
					"$(inherited)",
				);
				LIBRARY_SEARCH_PATHS = (
					/usr/local/lib/,
					"$(inherited)",
				);
				MACOSX_DEPLOYMENT_TARGET = 10.7;
				OTHER_LDFLAGS = (
					"$(inherited)",
					"$(SFML_SYSTEM)",
					"$(SFML_WINDOW)",
					"$(SFML_GRAPHICS)",
					"$(SFML_AUDIO)",
					"$(SFML_NETWORK)",
				);
				SFML_AUDIO = "$(SFML_LINK_PREFIX) sfml-audio$(SFML_LINK_SUFFIX)";
				SFML_BINARY_TYPE = FRAMEWORKS;
				SFML_GRAPHICS = "$(SFML_LINK_PREFIX) sfml-graphics$(SFML_LINK_SUFFIX)";
				SFML_LINK_DYLIBS_PREFIX = "-l";
				SFML_LINK_DYLIBS_SUFFIX = "";
				SFML_LINK_FRAMEWORKS_PREFIX = "-framework";
				SFML_LINK_FRAMEWORKS_SUFFIX = "";
				SFML_LINK_PREFIX = "$(SFML_LINK_$(SFML_BINARY_TYPE)_PREFIX)";
				SFML_LINK_SUFFIX = "$(SFML_LINK_$(SFML_BINARY_TYPE)_SUFFIX)";
				SFML_NETWORK = "$(SFML_LINK_PREFIX) sfml-network$(SFML_LINK_SUFFIX)";
				SFML_SYSTEM = "$(SFML_LINK_PREFIX) sfml-system$(SFML_LINK_SUFFIX)";
				SFML_WINDOW = "$(SFML_LINK_PREFIX) sfml-window$(SFML_LINK_SUFFIX)";
				SUPPORTED_PLATFORMS = macosx;
			};
			name = Debug;
		};
		7E142B752655686D006AD6F3 /* Release */ = {
			isa = XCBuildConfiguration;
			buildSettings = {
				ARCHS = "$(NATIVE_ARCH_ACTUAL)";
				CLANG_CXX_LANGUAGE_STANDARD = "c++11";
				CLANG_CXX_LIBRARY = "libc++";
				FRAMEWORK_SEARCH_PATHS = (
					/Library/Frameworks/,
					"$(inherited)",
				);
				GCC_VERSION = com.apple.compilers.llvm.clang.1_0;
				HEADER_SEARCH_PATHS = (
					/usr/local/include/,
					"$(inherited)",
				);
				LIBRARY_SEARCH_PATHS = (
					/usr/local/lib/,
					"$(inherited)",
				);
				MACOSX_DEPLOYMENT_TARGET = 10.7;
				OTHER_LDFLAGS = (
					"$(inherited)",
					"$(SFML_SYSTEM)",
					"$(SFML_WINDOW)",
					"$(SFML_GRAPHICS)",
					"$(SFML_AUDIO)",
					"$(SFML_NETWORK)",
				);
				SFML_AUDIO = "$(SFML_LINK_PREFIX) sfml-audio$(SFML_LINK_SUFFIX)";
				SFML_BINARY_TYPE = FRAMEWORKS;
				SFML_GRAPHICS = "$(SFML_LINK_PREFIX) sfml-graphics$(SFML_LINK_SUFFIX)";
				SFML_LINK_DYLIBS_PREFIX = "-l";
				SFML_LINK_DYLIBS_SUFFIX = "";
				SFML_LINK_FRAMEWORKS_PREFIX = "-framework";
				SFML_LINK_FRAMEWORKS_SUFFIX = "";
				SFML_LINK_PREFIX = "$(SFML_LINK_$(SFML_BINARY_TYPE)_PREFIX)";
				SFML_LINK_SUFFIX = "$(SFML_LINK_$(SFML_BINARY_TYPE)_SUFFIX)";
				SFML_NETWORK = "$(SFML_LINK_PREFIX) sfml-network$(SFML_LINK_SUFFIX)";
				SFML_SYSTEM = "$(SFML_LINK_PREFIX) sfml-system$(SFML_LINK_SUFFIX)";
				SFML_WINDOW = "$(SFML_LINK_PREFIX) sfml-window$(SFML_LINK_SUFFIX)";
				SUPPORTED_PLATFORMS = macosx;
			};
			name = Release;
		};
		7E142B772655686D006AD6F3 /* Debug */ = {
			isa = XCBuildConfiguration;
			buildSettings = {
				CODE_SIGN_ENTITLEMENTS = "Lista4-SFML/Lista4-SFML.entitlements";
				CODE_SIGN_IDENTITY = "-";
				CODE_SIGN_STYLE = Automatic;
				ENABLE_HARDENED_RUNTIME = YES;
				INFOPLIST_FILE = "Lista4-SFML/Lista4-SFML-Info.plist";
				LD_RUNPATH_SEARCH_PATHS = "@loader_path/../Frameworks";
				PRODUCT_NAME = "$(TARGET_NAME)";
			};
			name = Debug;
		};
		7E142B782655686D006AD6F3 /* Release */ = {
			isa = XCBuildConfiguration;
			buildSettings = {
				CODE_SIGN_ENTITLEMENTS = "Lista4-SFML/Lista4-SFML.entitlements";
				CODE_SIGN_IDENTITY = "-";
				CODE_SIGN_STYLE = Automatic;
				ENABLE_HARDENED_RUNTIME = YES;
				INFOPLIST_FILE = "Lista4-SFML/Lista4-SFML-Info.plist";
				LD_RUNPATH_SEARCH_PATHS = "@loader_path/../Frameworks";
				PRODUCT_NAME = "$(TARGET_NAME)";
			};
			name = Release;
		};
/* End XCBuildConfiguration section */

/* Begin XCConfigurationList section */
		7E142B5B2655686D006AD6F3 /* Build configuration list for PBXProject "Lista4-SFML" */ = {
			isa = XCConfigurationList;
			buildConfigurations = (
				7E142B742655686D006AD6F3 /* Debug */,
				7E142B752655686D006AD6F3 /* Release */,
			);
			defaultConfigurationIsVisible = 0;
			defaultConfigurationName = Release;
		};
		7E142B762655686D006AD6F3 /* Build configuration list for PBXNativeTarget "Lista4-SFML" */ = {
			isa = XCConfigurationList;
			buildConfigurations = (
				7E142B772655686D006AD6F3 /* Debug */,
				7E142B782655686D006AD6F3 /* Release */,
			);
			defaultConfigurationIsVisible = 0;
			defaultConfigurationName = Release;
		};
/* End XCConfigurationList section */
	};
	rootObject = 7E142B582655686D006AD6F3 /* Project object */;
}
